
Microsoft Visual Studio Solution File, Format Version 12.00
# Visual Studio 15
VisualStudioVersion = 15.0.27428.2037
MinimumVisualStudioVersion = 10.0.40219.1
Project("{FAE04EC0-301F-11D3-BF4B-00C04F79EFBC}") = "SegundoParcial1", "SegundoParcial1\SegundoParcial1.csproj", "{70A503CA-5227-4718-A5FE-FA1F2CE726AE}"
EndProject
Global
	GlobalSection(SolutionConfigurationPlatforms) = preSolution
		Debug|Any CPU = Debug|Any CPU
		Release|Any CPU = Release|Any CPU
	EndGlobalSection
	GlobalSection(ProjectConfigurationPlatforms) = postSolution
		{70A503CA-5227-4718-A5FE-FA1F2CE726AE}.Debug|Any CPU.ActiveCfg = Debug|Any CPU
		{70A503CA-5227-4718-A5FE-FA1F2CE726AE}.Debug|Any CPU.Build.0 = Debug|Any CPU
		{70A503CA-5227-4718-A5FE-FA1F2CE726AE}.Release|Any CPU.ActiveCfg = Release|Any CPU
		{70A503CA-5227-4718-A5FE-FA1F2CE726AE}.Release|Any CPU.Build.0 = Release|Any CPU
	EndGlobalSection
	GlobalSection(SolutionProperties) = preSolution
		HideSolutionNode = FALSE
	EndGlobalSection
	GlobalSection(ExtensibilityGlobals) = postSolution
		SolutionGuid = {2D9EB30A-1BB9-4C95-AA9D-0C62D3148318}
	EndGlobalSection
EndGlobal
